
Microsoft Visual Studio Solution File, Format Version 12.00
# Visual Studio Version 16
VisualStudioVersion = 16.0.29519.87
MinimumVisualStudioVersion = 10.0.40219.1
Project("{9A19103F-16F7-4668-BE54-9A1E7A4F7556}") = "Webcad_estabelecimentos", "Webcad_estabelecimentos\Webcad_estabelecimentos.csproj", "{082B0B13-1241-4587-B36D-48301B642F4E}"
EndProject
Project("{9A19103F-16F7-4668-BE54-9A1E7A4F7556}") = "AplicacaoEstabelecimento", "AplicaçãoEstabelecimento\AplicacaoEstabelecimento.csproj", "{2D81C054-9D40-45E7-A285-63703BBC8F8D}"
EndProject
Global
	GlobalSection(SolutionConfigurationPlatforms) = preSolution
		Debug|Any CPU = Debug|Any CPU
		Release|Any CPU = Release|Any CPU
	EndGlobalSection
	GlobalSection(ProjectConfigurationPlatforms) = postSolution
		{082B0B13-1241-4587-B36D-48301B642F4E}.Debug|Any CPU.ActiveCfg = Debug|Any CPU
		{082B0B13-1241-4587-B36D-48301B642F4E}.Debug|Any CPU.Build.0 = Debug|Any CPU
		{082B0B13-1241-4587-B36D-48301B642F4E}.Release|Any CPU.ActiveCfg = Release|Any CPU
		{082B0B13-1241-4587-B36D-48301B642F4E}.Release|Any CPU.Build.0 = Release|Any CPU
		{2D81C054-9D40-45E7-A285-63703BBC8F8D}.Debug|Any CPU.ActiveCfg = Debug|Any CPU
		{2D81C054-9D40-45E7-A285-63703BBC8F8D}.Debug|Any CPU.Build.0 = Debug|Any CPU
		{2D81C054-9D40-45E7-A285-63703BBC8F8D}.Release|Any CPU.ActiveCfg = Release|Any CPU
		{2D81C054-9D40-45E7-A285-63703BBC8F8D}.Release|Any CPU.Build.0 = Release|Any CPU
	EndGlobalSection
	GlobalSection(SolutionProperties) = preSolution
		HideSolutionNode = FALSE
	EndGlobalSection
	GlobalSection(ExtensibilityGlobals) = postSolution
		SolutionGuid = {AB9F5DD0-1A38-449A-BA98-1EB63DABF0E7}
	EndGlobalSection
EndGlobal
